
Microsoft Visual Studio Solution File, Format Version 12.00
# Visual Studio Version 16
VisualStudioVersion = 16.0.31729.503
MinimumVisualStudioVersion = 10.0.40219.1
Project("{2150E333-8FDC-42A3-9474-1A3956D46DE8}") = "Ex1Collection", "Ex1Collection", "{C2C6AAAB-A4E9-4121-A800-6F14B8478A18}"
EndProject
Project("{9A19103F-16F7-4668-BE54-9A1E7A4F7556}") = "ArrayListCollection", "Eg1Collection\ArrayListCollection.csproj", "{CE67F243-4D19-42DE-ADD9-499F9E775852}"
EndProject
Project("{9A19103F-16F7-4668-BE54-9A1E7A4F7556}") = "HashTable", "HashTable\HashTable.csproj", "{CBEEDF42-5FDF-48E8-AE02-575D73DAE947}"
EndProject
Project("{9A19103F-16F7-4668-BE54-9A1E7A4F7556}") = "SortedList", "SortedList\SortedList.csproj", "{D37FC539-A120-45E4-AA0A-72B596975FF3}"
EndProject
Project("{9A19103F-16F7-4668-BE54-9A1E7A4F7556}") = "Stack", "CollectionsStack\Stack.csproj", "{0A34CBC1-628C-4129-ACA6-84299FBEB84F}"
EndProject
Project("{9A19103F-16F7-4668-BE54-9A1E7A4F7556}") = "QueueCs", "Queue\QueueCs.csproj", "{A5E4D77B-2B51-4BDC-A1A3-73E2254D9BA4}"
EndProject
Project("{9A19103F-16F7-4668-BE54-9A1E7A4F7556}") = "BitArrayCs", "BitArrayCs\BitArrayCs.csproj", "{B662D8C2-6ED1-4B9F-BF8A-6C4130DDC8AE}"
EndProject
Project("{2150E333-8FDC-42A3-9474-1A3956D46DE8}") = "GenericCollections", "GenericCollections", "{44803571-F69A-4023-85E1-1161032107BB}"
EndProject
Project("{9A19103F-16F7-4668-BE54-9A1E7A4F7556}") = "GenericCsharp", "GenericCsharp\GenericCsharp.csproj", "{47C8CD6F-7CAF-45E0-A99C-2629A22DD9CE}"
EndProject
Project("{9A19103F-16F7-4668-BE54-9A1E7A4F7556}") = "ListInCsharp", "ListInCsharp\ListInCsharp.csproj", "{7CFB3289-31FD-4F49-B9AC-823D66F72213}"
EndProject
Project("{9A19103F-16F7-4668-BE54-9A1E7A4F7556}") = "DictionaryInCsharp", "DictionaryInCsharp\DictionaryInCsharp.csproj", "{C64BC47B-4DE2-4045-A0A3-17D4CBCFCC27}"
EndProject
Project("{9A19103F-16F7-4668-BE54-9A1E7A4F7556}") = "TypeTuple", "TypeTuple\TypeTuple.csproj", "{7BF66178-44BB-451E-8824-FE64CF3255C2}"
EndProject
Project("{2150E333-8FDC-42A3-9474-1A3956D46DE8}") = "Icollection", "Icollection", "{4B231F69-3F5F-4A24-BA3F-E3B510C14D03}"
EndProject
Project("{9A19103F-16F7-4668-BE54-9A1E7A4F7556}") = "ICollectionMyArrayList", "ICollectionMyArrayList\ICollectionMyArrayList.csproj", "{90018A74-F7F6-4585-95AB-9B706A4DCEF7}"
EndProject
Project("{FAE04EC0-301F-11D3-BF4B-00C04F79EFBC}") = "Delegate", "Delegate\Delegate.csproj", "{7F359032-2FD6-4F1C-9355-E64FA7DB2FA5}"
EndProject
Project("{FAE04EC0-301F-11D3-BF4B-00C04F79EFBC}") = "EventwithDelegate", "EventwithDelegate\EventwithDelegate.csproj", "{9948D591-09F6-49AC-BAD6-3626D46940C8}"
EndProject
Project("{FAE04EC0-301F-11D3-BF4B-00C04F79EFBC}") = "EventChuanNet", "EventChuanNet\EventChuanNet.csproj", "{5EB6B19B-D1A5-4C48-B81C-1D1AA25BAC51}"
EndProject
Project("{FAE04EC0-301F-11D3-BF4B-00C04F79EFBC}") = "MultiThreading", "MultiThreading\MultiThreading.csproj", "{2B4FF77A-8E95-4747-8E2B-4C0C613C7CE6}"
EndProject
Global
	GlobalSection(SolutionConfigurationPlatforms) = preSolution
		Debug|Any CPU = Debug|Any CPU
		Release|Any CPU = Release|Any CPU
	EndGlobalSection
	GlobalSection(ProjectConfigurationPlatforms) = postSolution
		{CE67F243-4D19-42DE-ADD9-499F9E775852}.Debug|Any CPU.ActiveCfg = Debug|Any CPU
		{CE67F243-4D19-42DE-ADD9-499F9E775852}.Debug|Any CPU.Build.0 = Debug|Any CPU
		{CE67F243-4D19-42DE-ADD9-499F9E775852}.Release|Any CPU.ActiveCfg = Release|Any CPU
		{CE67F243-4D19-42DE-ADD9-499F9E775852}.Release|Any CPU.Build.0 = Release|Any CPU
		{CBEEDF42-5FDF-48E8-AE02-575D73DAE947}.Debug|Any CPU.ActiveCfg = Debug|Any CPU
		{CBEEDF42-5FDF-48E8-AE02-575D73DAE947}.Debug|Any CPU.Build.0 = Debug|Any CPU
		{CBEEDF42-5FDF-48E8-AE02-575D73DAE947}.Release|Any CPU.ActiveCfg = Release|Any CPU
		{CBEEDF42-5FDF-48E8-AE02-575D73DAE947}.Release|Any CPU.Build.0 = Release|Any CPU
		{D37FC539-A120-45E4-AA0A-72B596975FF3}.Debug|Any CPU.ActiveCfg = Debug|Any CPU
		{D37FC539-A120-45E4-AA0A-72B596975FF3}.Debug|Any CPU.Build.0 = Debug|Any CPU
		{D37FC539-A120-45E4-AA0A-72B596975FF3}.Release|Any CPU.ActiveCfg = Release|Any CPU
		{D37FC539-A120-45E4-AA0A-72B596975FF3}.Release|Any CPU.Build.0 = Release|Any CPU
		{0A34CBC1-628C-4129-ACA6-84299FBEB84F}.Debug|Any CPU.ActiveCfg = Debug|Any CPU
		{0A34CBC1-628C-4129-ACA6-84299FBEB84F}.Debug|Any CPU.Build.0 = Debug|Any CPU
		{0A34CBC1-628C-4129-ACA6-84299FBEB84F}.Release|Any CPU.ActiveCfg = Release|Any CPU
		{0A34CBC1-628C-4129-ACA6-84299FBEB84F}.Release|Any CPU.Build.0 = Release|Any CPU
		{A5E4D77B-2B51-4BDC-A1A3-73E2254D9BA4}.Debug|Any CPU.ActiveCfg = Debug|Any CPU
		{A5E4D77B-2B51-4BDC-A1A3-73E2254D9BA4}.Debug|Any CPU.Build.0 = Debug|Any CPU
		{A5E4D77B-2B51-4BDC-A1A3-73E2254D9BA4}.Release|Any CPU.ActiveCfg = Release|Any CPU
		{A5E4D77B-2B51-4BDC-A1A3-73E2254D9BA4}.Release|Any CPU.Build.0 = Release|Any CPU
		{B662D8C2-6ED1-4B9F-BF8A-6C4130DDC8AE}.Debug|Any CPU.ActiveCfg = Debug|Any CPU
		{B662D8C2-6ED1-4B9F-BF8A-6C4130DDC8AE}.Debug|Any CPU.Build.0 = Debug|Any CPU
		{B662D8C2-6ED1-4B9F-BF8A-6C4130DDC8AE}.Release|Any CPU.ActiveCfg = Release|Any CPU
		{B662D8C2-6ED1-4B9F-BF8A-6C4130DDC8AE}.Release|Any CPU.Build.0 = Release|Any CPU
		{47C8CD6F-7CAF-45E0-A99C-2629A22DD9CE}.Debug|Any CPU.ActiveCfg = Debug|Any CPU
		{47C8CD6F-7CAF-45E0-A99C-2629A22DD9CE}.Debug|Any CPU.Build.0 = Debug|Any CPU
		{47C8CD6F-7CAF-45E0-A99C-2629A22DD9CE}.Release|Any CPU.ActiveCfg = Release|Any CPU
		{47C8CD6F-7CAF-45E0-A99C-2629A22DD9CE}.Release|Any CPU.Build.0 = Release|Any CPU
		{7CFB3289-31FD-4F49-B9AC-823D66F72213}.Debug|Any CPU.ActiveCfg = Debug|Any CPU
		{7CFB3289-31FD-4F49-B9AC-823D66F72213}.Debug|Any CPU.Build.0 = Debug|Any CPU
		{7CFB3289-31FD-4F49-B9AC-823D66F72213}.Release|Any CPU.ActiveCfg = Release|Any CPU
		{7CFB3289-31FD-4F49-B9AC-823D66F72213}.Release|Any CPU.Build.0 = Release|Any CPU
		{C64BC47B-4DE2-4045-A0A3-17D4CBCFCC27}.Debug|Any CPU.ActiveCfg = Debug|Any CPU
		{C64BC47B-4DE2-4045-A0A3-17D4CBCFCC27}.Debug|Any CPU.Build.0 = Debug|Any CPU
		{C64BC47B-4DE2-4045-A0A3-17D4CBCFCC27}.Release|Any CPU.ActiveCfg = Release|Any CPU
		{C64BC47B-4DE2-4045-A0A3-17D4CBCFCC27}.Release|Any CPU.Build.0 = Release|Any CPU
		{7BF66178-44BB-451E-8824-FE64CF3255C2}.Debug|Any CPU.ActiveCfg = Debug|Any CPU
		{7BF66178-44BB-451E-8824-FE64CF3255C2}.Debug|Any CPU.Build.0 = Debug|Any CPU
		{7BF66178-44BB-451E-8824-FE64CF3255C2}.Release|Any CPU.ActiveCfg = Release|Any CPU
		{7BF66178-44BB-451E-8824-FE64CF3255C2}.Release|Any CPU.Build.0 = Release|Any CPU
		{90018A74-F7F6-4585-95AB-9B706A4DCEF7}.Debug|Any CPU.ActiveCfg = Debug|Any CPU
		{90018A74-F7F6-4585-95AB-9B706A4DCEF7}.Debug|Any CPU.Build.0 = Debug|Any CPU
		{90018A74-F7F6-4585-95AB-9B706A4DCEF7}.Release|Any CPU.ActiveCfg = Release|Any CPU
		{90018A74-F7F6-4585-95AB-9B706A4DCEF7}.Release|Any CPU.Build.0 = Release|Any CPU
		{7F359032-2FD6-4F1C-9355-E64FA7DB2FA5}.Debug|Any CPU.ActiveCfg = Debug|Any CPU
		{7F359032-2FD6-4F1C-9355-E64FA7DB2FA5}.Debug|Any CPU.Build.0 = Debug|Any CPU
		{7F359032-2FD6-4F1C-9355-E64FA7DB2FA5}.Release|Any CPU.ActiveCfg = Release|Any CPU
		{7F359032-2FD6-4F1C-9355-E64FA7DB2FA5}.Release|Any CPU.Build.0 = Release|Any CPU
		{9948D591-09F6-49AC-BAD6-3626D46940C8}.Debug|Any CPU.ActiveCfg = Debug|Any CPU
		{9948D591-09F6-49AC-BAD6-3626D46940C8}.Debug|Any CPU.Build.0 = Debug|Any CPU
		{9948D591-09F6-49AC-BAD6-3626D46940C8}.Release|Any CPU.ActiveCfg = Release|Any CPU
		{9948D591-09F6-49AC-BAD6-3626D46940C8}.Release|Any CPU.Build.0 = Release|Any CPU
		{5EB6B19B-D1A5-4C48-B81C-1D1AA25BAC51}.Debug|Any CPU.ActiveCfg = Debug|Any CPU
		{5EB6B19B-D1A5-4C48-B81C-1D1AA25BAC51}.Debug|Any CPU.Build.0 = Debug|Any CPU
		{5EB6B19B-D1A5-4C48-B81C-1D1AA25BAC51}.Release|Any CPU.ActiveCfg = Release|Any CPU
		{5EB6B19B-D1A5-4C48-B81C-1D1AA25BAC51}.Release|Any CPU.Build.0 = Release|Any CPU
		{2B4FF77A-8E95-4747-8E2B-4C0C613C7CE6}.Debug|Any CPU.ActiveCfg = Debug|Any CPU
		{2B4FF77A-8E95-4747-8E2B-4C0C613C7CE6}.Debug|Any CPU.Build.0 = Debug|Any CPU
		{2B4FF77A-8E95-4747-8E2B-4C0C613C7CE6}.Release|Any CPU.ActiveCfg = Release|Any CPU
		{2B4FF77A-8E95-4747-8E2B-4C0C613C7CE6}.Release|Any CPU.Build.0 = Release|Any CPU
	EndGlobalSection
	GlobalSection(SolutionProperties) = preSolution
		HideSolutionNode = FALSE
	EndGlobalSection
	GlobalSection(NestedProjects) = preSolution
		{CE67F243-4D19-42DE-ADD9-499F9E775852} = {C2C6AAAB-A4E9-4121-A800-6F14B8478A18}
		{CBEEDF42-5FDF-48E8-AE02-575D73DAE947} = {C2C6AAAB-A4E9-4121-A800-6F14B8478A18}
		{D37FC539-A120-45E4-AA0A-72B596975FF3} = {C2C6AAAB-A4E9-4121-A800-6F14B8478A18}
		{0A34CBC1-628C-4129-ACA6-84299FBEB84F} = {C2C6AAAB-A4E9-4121-A800-6F14B8478A18}
		{A5E4D77B-2B51-4BDC-A1A3-73E2254D9BA4} = {C2C6AAAB-A4E9-4121-A800-6F14B8478A18}
		{B662D8C2-6ED1-4B9F-BF8A-6C4130DDC8AE} = {C2C6AAAB-A4E9-4121-A800-6F14B8478A18}
		{47C8CD6F-7CAF-45E0-A99C-2629A22DD9CE} = {44803571-F69A-4023-85E1-1161032107BB}
		{7CFB3289-31FD-4F49-B9AC-823D66F72213} = {44803571-F69A-4023-85E1-1161032107BB}
		{C64BC47B-4DE2-4045-A0A3-17D4CBCFCC27} = {44803571-F69A-4023-85E1-1161032107BB}
		{7BF66178-44BB-451E-8824-FE64CF3255C2} = {44803571-F69A-4023-85E1-1161032107BB}
		{90018A74-F7F6-4585-95AB-9B706A4DCEF7} = {4B231F69-3F5F-4A24-BA3F-E3B510C14D03}
		{7F359032-2FD6-4F1C-9355-E64FA7DB2FA5} = {4B231F69-3F5F-4A24-BA3F-E3B510C14D03}
		{9948D591-09F6-49AC-BAD6-3626D46940C8} = {4B231F69-3F5F-4A24-BA3F-E3B510C14D03}
		{5EB6B19B-D1A5-4C48-B81C-1D1AA25BAC51} = {4B231F69-3F5F-4A24-BA3F-E3B510C14D03}
		{2B4FF77A-8E95-4747-8E2B-4C0C613C7CE6} = {4B231F69-3F5F-4A24-BA3F-E3B510C14D03}
	EndGlobalSection
	GlobalSection(ExtensibilityGlobals) = postSolution
		SolutionGuid = {89E37F21-E594-4238-92C2-4963A08761C0}
	EndGlobalSection
EndGlobal
