
Microsoft Visual Studio Solution File, Format Version 12.00
# Visual Studio Version 16
VisualStudioVersion = 16.0.31729.503
MinimumVisualStudioVersion = 10.0.40219.1
Project("{2150E333-8FDC-42A3-9474-1A3956D46DE8}") = "Ex1Collection", "Ex1Collection", "{C2C6AAAB-A4E9-4121-A800-6F14B8478A18}"
EndProject
Project("{FAE04EC0-301F-11D3-BF4B-00C04F79EFBC}") = "ArrayListCollection", "Eg1Collection\ArrayListCollection.csproj", "{CE67F243-4D19-42DE-ADD9-499F9E775852}"
EndProject
Global
	GlobalSection(SolutionConfigurationPlatforms) = preSolution
		Debug|Any CPU = Debug|Any CPU
		Release|Any CPU = Release|Any CPU
	EndGlobalSection
	GlobalSection(ProjectConfigurationPlatforms) = postSolution
		{CE67F243-4D19-42DE-ADD9-499F9E775852}.Debug|Any CPU.ActiveCfg = Debug|Any CPU
		{CE67F243-4D19-42DE-ADD9-499F9E775852}.Debug|Any CPU.Build.0 = Debug|Any CPU
		{CE67F243-4D19-42DE-ADD9-499F9E775852}.Release|Any CPU.ActiveCfg = Release|Any CPU
		{CE67F243-4D19-42DE-ADD9-499F9E775852}.Release|Any CPU.Build.0 = Release|Any CPU
	EndGlobalSection
	GlobalSection(SolutionProperties) = preSolution
		HideSolutionNode = FALSE
	EndGlobalSection
	GlobalSection(NestedProjects) = preSolution
		{CE67F243-4D19-42DE-ADD9-499F9E775852} = {C2C6AAAB-A4E9-4121-A800-6F14B8478A18}
	EndGlobalSection
	GlobalSection(ExtensibilityGlobals) = postSolution
		SolutionGuid = {89E37F21-E594-4238-92C2-4963A08761C0}
	EndGlobalSection
EndGlobal
